
Microsoft Visual Studio Solution File, Format Version 12.00
# Visual Studio Version 17
VisualStudioVersion = 17.5.002.0
MinimumVisualStudioVersion = 10.0.40219.1
Project("{9A19103F-16F7-4668-BE54-9A1E7A4F7556}") = "FightTogether", "FightTogether.csproj", "{54F70009-AADC-46F6-A6FE-A6A07A84F6FB}"
EndProject
Global
	GlobalSection(SolutionConfigurationPlatforms) = preSolution
		Debug|Any CPU = Debug|Any CPU
		Release|Any CPU = Release|Any CPU
	EndGlobalSection
	GlobalSection(ProjectConfigurationPlatforms) = postSolution
		{54F70009-AADC-46F6-A6FE-A6A07A84F6FB}.Debug|Any CPU.ActiveCfg = Debug|Any CPU
		{54F70009-AADC-46F6-A6FE-A6A07A84F6FB}.Debug|Any CPU.Build.0 = Debug|Any CPU
		{54F70009-AADC-46F6-A6FE-A6A07A84F6FB}.Release|Any CPU.ActiveCfg = Release|Any CPU
		{54F70009-AADC-46F6-A6FE-A6A07A84F6FB}.Release|Any CPU.Build.0 = Release|Any CPU
	EndGlobalSection
	GlobalSection(SolutionProperties) = preSolution
		HideSolutionNode = FALSE
	EndGlobalSection
	GlobalSection(ExtensibilityGlobals) = postSolution
		SolutionGuid = {3FEB8C92-8012-48B3-A92B-05D9B04694D0}
	EndGlobalSection
EndGlobal
