
Microsoft Visual Studio Solution File, Format Version 12.00
# Visual Studio Version 17
VisualStudioVersion = 17.1.32407.343
MinimumVisualStudioVersion = 10.0.40219.1
Project("{FAE04EC0-301F-11D3-BF4B-00C04F79EFBC}") = "SharedHealthManager", "SharedHealthManager.csproj", "{06E5AEF7-02CF-46C8-BC0D-D5446F2245EA}"
EndProject
Global
	GlobalSection(SolutionConfigurationPlatforms) = preSolution
		Debug|Any CPU = Debug|Any CPU
		Release|Any CPU = Release|Any CPU
	EndGlobalSection
	GlobalSection(ProjectConfigurationPlatforms) = postSolution
		{06E5AEF7-02CF-46C8-BC0D-D5446F2245EA}.Debug|Any CPU.ActiveCfg = Debug|Any CPU
		{06E5AEF7-02CF-46C8-BC0D-D5446F2245EA}.Debug|Any CPU.Build.0 = Debug|Any CPU
		{06E5AEF7-02CF-46C8-BC0D-D5446F2245EA}.Release|Any CPU.ActiveCfg = Release|Any CPU
		{06E5AEF7-02CF-46C8-BC0D-D5446F2245EA}.Release|Any CPU.Build.0 = Release|Any CPU
	EndGlobalSection
	GlobalSection(SolutionProperties) = preSolution
		HideSolutionNode = FALSE
	EndGlobalSection
	GlobalSection(ExtensibilityGlobals) = postSolution
		SolutionGuid = {ED71256A-5077-4D2E-AA88-15607C691AE1}
	EndGlobalSection
EndGlobal
